// !$*UTF8*$!
{
	archiveVersion = 1;
	classes = {
	};
	objectVersion = 46;
	objects = {

/* Begin PBXBuildFile section */
		6B3D15391F5E88810029E58D /* AppDelegate.m in Sources */ = {isa = PBXBuildFile; fileRef = 6B3D15381F5E88810029E58D /* AppDelegate.m */; };
		6B3D153C1F5E88810029E58D /* main.m in Sources */ = {isa = PBXBuildFile; fileRef = 6B3D153B1F5E88810029E58D /* main.m */; };
		6B3D153F1F5E88810029E58D /* ViewController.m in Sources */ = {isa = PBXBuildFile; fileRef = 6B3D153E1F5E88810029E58D /* ViewController.m */; };
		6B3D15411F5E88810029E58D /* Assets.xcassets in Resources */ = {isa = PBXBuildFile; fileRef = 6B3D15401F5E88810029E58D /* Assets.xcassets */; };
		6B3D15441F5E88810029E58D /* Main.storyboard in Resources */ = {isa = PBXBuildFile; fileRef = 6B3D15421F5E88810029E58D /* Main.storyboard */; };
		6B3D154F1F5E8D800029E58D /* DMDrawingBoardView.m in Sources */ = {isa = PBXBuildFile; fileRef = 6B3D154C1F5E8D800029E58D /* DMDrawingBoardView.m */; };
		6B3D15501F5E8D800029E58D /* DMStroke.m in Sources */ = {isa = PBXBuildFile; fileRef = 6B3D154E1F5E8D800029E58D /* DMStroke.m */; };
		8D5AD2E143A2394A28FBE794 /* libPods-DMDrawingBoardForMac.a in Frameworks */ = {isa = PBXBuildFile; fileRef = D51757FE0113D88774A9C20F /* libPods-DMDrawingBoardForMac.a */; };
/* End PBXBuildFile section */

/* Begin PBXFileReference section */
		6B3D15341F5E88810029E58D /* DMDrawingBoardForMac.app */ = {isa = PBXFileReference; explicitFileType = wrapper.application; includeInIndex = 0; path = DMDrawingBoardForMac.app; sourceTree = BUILT_PRODUCTS_DIR; };
		6B3D15371F5E88810029E58D /* AppDelegate.h */ = {isa = PBXFileReference; lastKnownFileType = sourcecode.c.h; path = AppDelegate.h; sourceTree = "<group>"; };
		6B3D15381F5E88810029E58D /* AppDelegate.m */ = {isa = PBXFileReference; lastKnownFileType = sourcecode.c.objc; path = AppDelegate.m; sourceTree = "<group>"; };
		6B3D153B1F5E88810029E58D /* main.m */ = {isa = PBXFileReference; lastKnownFileType = sourcecode.c.objc; path = main.m; sourceTree = "<group>"; };
		6B3D153D1F5E88810029E58D /* ViewController.h */ = {isa = PBXFileReference; lastKnownFileType = sourcecode.c.h; path = ViewController.h; sourceTree = "<group>"; };
		6B3D153E1F5E88810029E58D /* ViewController.m */ = {isa = PBXFileReference; lastKnownFileType = sourcecode.c.objc; path = ViewController.m; sourceTree = "<group>"; };
		6B3D15401F5E88810029E58D /* Assets.xcassets */ = {isa = PBXFileReference; lastKnownFileType = folder.assetcatalog; path = Assets.xcassets; sourceTree = "<group>"; };
		6B3D15431F5E88810029E58D /* Base */ = {isa = PBXFileReference; lastKnownFileType = file.storyboard; name = Base; path = Base.lproj/Main.storyboard; sourceTree = "<group>"; };
		6B3D15451F5E88810029E58D /* Info.plist */ = {isa = PBXFileReference; lastKnownFileType = text.plist.xml; path = Info.plist; sourceTree = "<group>"; };
		6B3D154B1F5E8D800029E58D /* DMDrawingBoardView.h */ = {isa = PBXFileReference; fileEncoding = 4; lastKnownFileType = sourcecode.c.h; path = DMDrawingBoardView.h; sourceTree = "<group>"; };
		6B3D154C1F5E8D800029E58D /* DMDrawingBoardView.m */ = {isa = PBXFileReference; fileEncoding = 4; lastKnownFileType = sourcecode.c.objc; path = DMDrawingBoardView.m; sourceTree = "<group>"; };
		6B3D154D1F5E8D800029E58D /* DMStroke.h */ = {isa = PBXFileReference; fileEncoding = 4; lastKnownFileType = sourcecode.c.h; path = DMStroke.h; sourceTree = "<group>"; };
		6B3D154E1F5E8D800029E58D /* DMStroke.m */ = {isa = PBXFileReference; fileEncoding = 4; lastKnownFileType = sourcecode.c.objc; path = DMStroke.m; sourceTree = "<group>"; };
		7BF4D2E0A799570B7330AA5D /* Pods-DMDrawingBoardForMac.release.xcconfig */ = {isa = PBXFileReference; includeInIndex = 1; lastKnownFileType = text.xcconfig; name = "Pods-DMDrawingBoardForMac.release.xcconfig"; path = "Pods/Target Support Files/Pods-DMDrawingBoardForMac/Pods-DMDrawingBoardForMac.release.xcconfig"; sourceTree = "<group>"; };
		8D2D7E844741FCB7E9DE1F7E /* Pods-DMDrawingBoardForMac.debug.xcconfig */ = {isa = PBXFileReference; includeInIndex = 1; lastKnownFileType = text.xcconfig; name = "Pods-DMDrawingBoardForMac.debug.xcconfig"; path = "Pods/Target Support Files/Pods-DMDrawingBoardForMac/Pods-DMDrawingBoardForMac.debug.xcconfig"; sourceTree = "<group>"; };
		D51757FE0113D88774A9C20F /* libPods-DMDrawingBoardForMac.a */ = {isa = PBXFileReference; explicitFileType = archive.ar; includeInIndex = 0; path = "libPods-DMDrawingBoardForMac.a"; sourceTree = BUILT_PRODUCTS_DIR; };
/* End PBXFileReference section */

/* Begin PBXFrameworksBuildPhase section */
		6B3D15311F5E88810029E58D /* Frameworks */ = {
			isa = PBXFrameworksBuildPhase;
			buildActionMask = 2147483647;
			files = (
				8D5AD2E143A2394A28FBE794 /* libPods-DMDrawingBoardForMac.a in Frameworks */,
			);
			runOnlyForDeploymentPostprocessing = 0;
		};
/* End PBXFrameworksBuildPhase section */

/* Begin PBXGroup section */
		6B3D152B1F5E88810029E58D = {
			isa = PBXGroup;
			children = (
				6B3D15361F5E88810029E58D /* DMDrawingBoardForMac */,
				6B3D15351F5E88810029E58D /* Products */,
				8CF3FCC246B3F79E0B87BD18 /* Pods */,
				6B849A90DBA1A90DBE9A3E7D /* Frameworks */,
			);
			sourceTree = "<group>";
		};
		6B3D15351F5E88810029E58D /* Products */ = {
			isa = PBXGroup;
			children = (
				6B3D15341F5E88810029E58D /* DMDrawingBoardForMac.app */,
			);
			name = Products;
			sourceTree = "<group>";
		};
		6B3D15361F5E88810029E58D /* DMDrawingBoardForMac */ = {
			isa = PBXGroup;
			children = (
				6B3D15371F5E88810029E58D /* AppDelegate.h */,
				6B3D15381F5E88810029E58D /* AppDelegate.m */,
				6B3D153D1F5E88810029E58D /* ViewController.h */,
				6B3D153E1F5E88810029E58D /* ViewController.m */,
				6B3D154B1F5E8D800029E58D /* DMDrawingBoardView.h */,
				6B3D154C1F5E8D800029E58D /* DMDrawingBoardView.m */,
				6B3D154D1F5E8D800029E58D /* DMStroke.h */,
				6B3D154E1F5E8D800029E58D /* DMStroke.m */,
				6B3D15401F5E88810029E58D /* Assets.xcassets */,
				6B3D15421F5E88810029E58D /* Main.storyboard */,
				6B3D15451F5E88810029E58D /* Info.plist */,
				6B3D153A1F5E88810029E58D /* Supporting Files */,
			);
			path = DMDrawingBoardForMac;
			sourceTree = "<group>";
		};
		6B3D153A1F5E88810029E58D /* Supporting Files */ = {
			isa = PBXGroup;
			children = (
				6B3D153B1F5E88810029E58D /* main.m */,
			);
			name = "Supporting Files";
			sourceTree = "<group>";
		};
		6B849A90DBA1A90DBE9A3E7D /* Frameworks */ = {
			isa = PBXGroup;
			children = (
				D51757FE0113D88774A9C20F /* libPods-DMDrawingBoardForMac.a */,
			);
			name = Frameworks;
			sourceTree = "<group>";
		};
		8CF3FCC246B3F79E0B87BD18 /* Pods */ = {
			isa = PBXGroup;
			children = (
				8D2D7E844741FCB7E9DE1F7E /* Pods-DMDrawingBoardForMac.debug.xcconfig */,
				7BF4D2E0A799570B7330AA5D /* Pods-DMDrawingBoardForMac.release.xcconfig */,
			);
			name = Pods;
			sourceTree = "<group>";
		};
/* End PBXGroup section */

/* Begin PBXNativeTarget section */
		6B3D15331F5E88810029E58D /* DMDrawingBoardForMac */ = {
			isa = PBXNativeTarget;
			buildConfigurationList = 6B3D15481F5E88810029E58D /* Build configuration list for PBXNativeTarget "DMDrawingBoardForMac" */;
			buildPhases = (
				E577D66C1596B723CD496341 /* [CP] Check Pods Manifest.lock */,
				6B3D15301F5E88810029E58D /* Sources */,
				6B3D15311F5E88810029E58D /* Frameworks */,
				6B3D15321F5E88810029E58D /* Resources */,
				94634E5CE6EFCCCACCBD53D9 /* [CP] Embed Pods Frameworks */,
				4C479596AEBECDACFA9F1053 /* [CP] Copy Pods Resources */,
			);
			buildRules = (
			);
			dependencies = (
			);
			name = DMDrawingBoardForMac;
			productName = DMDrawingBoardForMac;
			productReference = 6B3D15341F5E88810029E58D /* DMDrawingBoardForMac.app */;
			productType = "com.apple.product-type.application";
		};
/* End PBXNativeTarget section */

/* Begin PBXProject section */
		6B3D152C1F5E88810029E58D /* Project object */ = {
			isa = PBXProject;
			attributes = {
				LastUpgradeCheck = 0830;
				ORGANIZATIONNAME = lbq;
				TargetAttributes = {
					6B3D15331F5E88810029E58D = {
						CreatedOnToolsVersion = 8.3.1;
						ProvisioningStyle = Automatic;
					};
				};
			};
			buildConfigurationList = 6B3D152F1F5E88810029E58D /* Build configuration list for PBXProject "DMDrawingBoardForMac" */;
			compatibilityVersion = "Xcode 3.2";
			developmentRegion = English;
			hasScannedForEncodings = 0;
			knownRegions = (
				en,
				Base,
			);
			mainGroup = 6B3D152B1F5E88810029E58D;
			productRefGroup = 6B3D15351F5E88810029E58D /* Products */;
			projectDirPath = "";
			projectRoot = "";
			targets = (
				6B3D15331F5E88810029E58D /* DMDrawingBoardForMac */,
			);
		};
/* End PBXProject section */

/* Begin PBXResourcesBuildPhase section */
		6B3D15321F5E88810029E58D /* Resources */ = {
			isa = PBXResourcesBuildPhase;
			buildActionMask = 2147483647;
			files = (
				6B3D15411F5E88810029E58D /* Assets.xcassets in Resources */,
				6B3D15441F5E88810029E58D /* Main.storyboard in Resources */,
			);
			runOnlyForDeploymentPostprocessing = 0;
		};
/* End PBXResourcesBuildPhase section */

/* Begin PBXShellScriptBuildPhase section */
		4C479596AEBECDACFA9F1053 /* [CP] Copy Pods Resources */ = {
			isa = PBXShellScriptBuildPhase;
			buildActionMask = 2147483647;
			files = (
			);
			inputPaths = (
			);
			name = "[CP] Copy Pods Resources";
			outputPaths = (
			);
			runOnlyForDeploymentPostprocessing = 0;
			shellPath = /bin/sh;
			shellScript = "\"${SRCROOT}/Pods/Target Support Files/Pods-DMDrawingBoardForMac/Pods-DMDrawingBoardForMac-resources.sh\"\n";
			showEnvVarsInLog = 0;
		};
		94634E5CE6EFCCCACCBD53D9 /* [CP] Embed Pods Frameworks */ = {
			isa = PBXShellScriptBuildPhase;
			buildActionMask = 2147483647;
			files = (
			);
			inputPaths = (
			);
			name = "[CP] Embed Pods Frameworks";
			outputPaths = (
			);
			runOnlyForDeploymentPostprocessing = 0;
			shellPath = /bin/sh;
			shellScript = "\"${SRCROOT}/Pods/Target Support Files/Pods-DMDrawingBoardForMac/Pods-DMDrawingBoardForMac-frameworks.sh\"\n";
			showEnvVarsInLog = 0;
		};
		E577D66C1596B723CD496341 /* [CP] Check Pods Manifest.lock */ = {
			isa = PBXShellScriptBuildPhase;
			buildActionMask = 2147483647;
			files = (
			);
			inputPaths = (
			);
			name = "[CP] Check Pods Manifest.lock";
			outputPaths = (
			);
			runOnlyForDeploymentPostprocessing = 0;
			shellPath = /bin/sh;
			shellScript = "diff \"${PODS_PODFILE_DIR_PATH}/Podfile.lock\" \"${PODS_ROOT}/Manifest.lock\" > /dev/null\nif [ $? != 0 ] ; then\n    # print error to STDERR\n    echo \"error: The sandbox is not in sync with the Podfile.lock. Run 'pod install' or update your CocoaPods installation.\" >&2\n    exit 1\nfi\n";
			showEnvVarsInLog = 0;
		};
/* End PBXShellScriptBuildPhase section */

/* Begin PBXSourcesBuildPhase section */
		6B3D15301F5E88810029E58D /* Sources */ = {
			isa = PBXSourcesBuildPhase;
			buildActionMask = 2147483647;
			files = (
				6B3D153F1F5E88810029E58D /* ViewController.m in Sources */,
				6B3D15501F5E8D800029E58D /* DMStroke.m in Sources */,
				6B3D153C1F5E88810029E58D /* main.m in Sources */,
				6B3D15391F5E88810029E58D /* AppDelegate.m in Sources */,
				6B3D154F1F5E8D800029E58D /* DMDrawingBoardView.m in Sources */,
			);
			runOnlyForDeploymentPostprocessing = 0;
		};
/* End PBXSourcesBuildPhase section */

/* Begin PBXVariantGroup section */
		6B3D15421F5E88810029E58D /* Main.storyboard */ = {
			isa = PBXVariantGroup;
			children = (
				6B3D15431F5E88810029E58D /* Base */,
			);
			name = Main.storyboard;
			sourceTree = "<group>";
		};
/* End PBXVariantGroup section */

/* Begin XCBuildConfiguration section */
		6B3D15461F5E88810029E58D /* Debug */ = {
			isa = XCBuildConfiguration;
			buildSettings = {
				ALWAYS_SEARCH_USER_PATHS = NO;
				CLANG_ANALYZER_NONNULL = YES;
				CLANG_ANALYZER_NUMBER_OBJECT_CONVERSION = YES_AGGRESSIVE;
				CLANG_CXX_LANGUAGE_STANDARD = "gnu++0x";
				CLANG_CXX_LIBRARY = "libc++";
				CLANG_ENABLE_MODULES = YES;
				CLANG_ENABLE_OBJC_ARC = YES;
				CLANG_WARN_BOOL_CONVERSION = YES;
				CLANG_WARN_CONSTANT_CONVERSION = YES;
				CLANG_WARN_DIRECT_OBJC_ISA_USAGE = YES_ERROR;
				CLANG_WARN_DOCUMENTATION_COMMENTS = YES;
				CLANG_WARN_EMPTY_BODY = YES;
				CLANG_WARN_ENUM_CONVERSION = YES;
				CLANG_WARN_INFINITE_RECURSION = YES;
				CLANG_WARN_INT_CONVERSION = YES;
				CLANG_WARN_OBJC_ROOT_CLASS = YES_ERROR;
				CLANG_WARN_SUSPICIOUS_MOVE = YES;
				CLANG_WARN_UNREACHABLE_CODE = YES;
				CLANG_WARN__DUPLICATE_METHOD_MATCH = YES;
				CODE_SIGN_IDENTITY = "-";
				COPY_PHASE_STRIP = NO;
				DEBUG_INFORMATION_FORMAT = dwarf;
				ENABLE_STRICT_OBJC_MSGSEND = YES;
				ENABLE_TESTABILITY = YES;
				GCC_C_LANGUAGE_STANDARD = gnu99;
				GCC_DYNAMIC_NO_PIC = NO;
				GCC_NO_COMMON_BLOCKS = YES;
				GCC_OPTIMIZATION_LEVEL = 0;
				GCC_PREPROCESSOR_DEFINITIONS = (
					"DEBUG=1",
					"$(inherited)",
				);
				GCC_WARN_64_TO_32_BIT_CONVERSION = YES;
				GCC_WARN_ABOUT_RETURN_TYPE = YES_ERROR;
				GCC_WARN_UNDECLARED_SELECTOR = YES;
				GCC_WARN_UNINITIALIZED_AUTOS = YES_AGGRESSIVE;
				GCC_WARN_UNUSED_FUNCTION = YES;
				GCC_WARN_UNUSED_VARIABLE = YES;
				MACOSX_DEPLOYMENT_TARGET = 10.12;
				MTL_ENABLE_DEBUG_INFO = YES;
				ONLY_ACTIVE_ARCH = YES;
				SDKROOT = macosx;
			};
			name = Debug;
		};
		6B3D15471F5E88810029E58D /* Release */ = {
			isa = XCBuildConfiguration;
			buildSettings = {
				ALWAYS_SEARCH_USER_PATHS = NO;
				CLANG_ANALYZER_NONNULL = YES;
				CLANG_ANALYZER_NUMBER_OBJECT_CONVERSION = YES_AGGRESSIVE;
				CLANG_CXX_LANGUAGE_STANDARD = "gnu++0x";
				CLANG_CXX_LIBRARY = "libc++";
				CLANG_ENABLE_MODULES = YES;
				CLANG_ENABLE_OBJC_ARC = YES;
				CLANG_WARN_BOOL_CONVERSION = YES;
				CLANG_WARN_CONSTANT_CONVERSION = YES;
				CLANG_WARN_DIRECT_OBJC_ISA_USAGE = YES_ERROR;
				CLANG_WARN_DOCUMENTATION_COMMENTS = YES;
				CLANG_WARN_EMPTY_BODY = YES;
				CLANG_WARN_ENUM_CONVERSION = YES;
				CLANG_WARN_INFINITE_RECURSION = YES;
				CLANG_WARN_INT_CONVERSION = YES;
				CLANG_WARN_OBJC_ROOT_CLASS = YES_ERROR;
				CLANG_WARN_SUSPICIOUS_MOVE = YES;
				CLANG_WARN_UNREACHABLE_CODE = YES;
				CLANG_WARN__DUPLICATE_METHOD_MATCH = YES;
				CODE_SIGN_IDENTITY = "-";
				COPY_PHASE_STRIP = NO;
				DEBUG_INFORMATION_FORMAT = "dwarf-with-dsym";
				ENABLE_NS_ASSERTIONS = NO;
				ENABLE_STRICT_OBJC_MSGSEND = YES;
				GCC_C_LANGUAGE_STANDARD = gnu99;
				GCC_NO_COMMON_BLOCKS = YES;
				GCC_WARN_64_TO_32_BIT_CONVERSION = YES;
				GCC_WARN_ABOUT_RETURN_TYPE = YES_ERROR;
				GCC_WARN_UNDECLARED_SELECTOR = YES;
				GCC_WARN_UNINITIALIZED_AUTOS = YES_AGGRESSIVE;
				GCC_WARN_UNUSED_FUNCTION = YES;
				GCC_WARN_UNUSED_VARIABLE = YES;
				MACOSX_DEPLOYMENT_TARGET = 10.12;
				MTL_ENABLE_DEBUG_INFO = NO;
				SDKROOT = macosx;
			};
			name = Release;
		};
		6B3D15491F5E88810029E58D /* Debug */ = {
			isa = XCBuildConfiguration;
			baseConfigurationReference = 8D2D7E844741FCB7E9DE1F7E /* Pods-DMDrawingBoardForMac.debug.xcconfig */;
			buildSettings = {
				ASSETCATALOG_COMPILER_APPICON_NAME = AppIcon;
				COMBINE_HIDPI_IMAGES = YES;
				INFOPLIST_FILE = DMDrawingBoardForMac/Info.plist;
				LD_RUNPATH_SEARCH_PATHS = "$(inherited) @executable_path/../Frameworks";
				PRODUCT_BUNDLE_IDENTIFIER = com.yiqi.DMDrawingBoardForMac;
				PRODUCT_NAME = "$(TARGET_NAME)";
			};
			name = Debug;
		};
		6B3D154A1F5E88810029E58D /* Release */ = {
			isa = XCBuildConfiguration;
			baseConfigurationReference = 7BF4D2E0A799570B7330AA5D /* Pods-DMDrawingBoardForMac.release.xcconfig */;
			buildSettings = {
				ASSETCATALOG_COMPILER_APPICON_NAME = AppIcon;
				COMBINE_HIDPI_IMAGES = YES;
				INFOPLIST_FILE = DMDrawingBoardForMac/Info.plist;
				LD_RUNPATH_SEARCH_PATHS = "$(inherited) @executable_path/../Frameworks";
				PRODUCT_BUNDLE_IDENTIFIER = com.yiqi.DMDrawingBoardForMac;
				PRODUCT_NAME = "$(TARGET_NAME)";
			};
			name = Release;
		};
/* End XCBuildConfiguration section */

/* Begin XCConfigurationList section */
		6B3D152F1F5E88810029E58D /* Build configuration list for PBXProject "DMDrawingBoardForMac" */ = {
			isa = XCConfigurationList;
			buildConfigurations = (
				6B3D15461F5E88810029E58D /* Debug */,
				6B3D15471F5E88810029E58D /* Release */,
			);
			defaultConfigurationIsVisible = 0;
			defaultConfigurationName = Release;
		};
		6B3D15481F5E88810029E58D /* Build configuration list for PBXNativeTarget "DMDrawingBoardForMac" */ = {
			isa = XCConfigurationList;
			buildConfigurations = (
				6B3D15491F5E88810029E58D /* Debug */,
				6B3D154A1F5E88810029E58D /* Release */,
			);
			defaultConfigurationIsVisible = 0;
			defaultConfigurationName = Release;
		};
/* End XCConfigurationList section */
	};
	rootObject = 6B3D152C1F5E88810029E58D /* Project object */;
}
